
Microsoft Visual Studio Solution File, Format Version 12.00
# Visual Studio Version 17
VisualStudioVersion = 17.6.33815.320
MinimumVisualStudioVersion = 10.0.40219.1
Project("{FAE04EC0-301F-11D3-BF4B-00C04F79EFBC}") = "Assignment-18", "Assignment-18.csproj", "{FEDEB990-3FC6-4A07-B02C-B1629BAF527C}"
EndProject
Global
	GlobalSection(SolutionConfigurationPlatforms) = preSolution
		Debug|Any CPU = Debug|Any CPU
		Release|Any CPU = Release|Any CPU
	EndGlobalSection
	GlobalSection(ProjectConfigurationPlatforms) = postSolution
		{FEDEB990-3FC6-4A07-B02C-B1629BAF527C}.Debug|Any CPU.ActiveCfg = Debug|Any CPU
		{FEDEB990-3FC6-4A07-B02C-B1629BAF527C}.Debug|Any CPU.Build.0 = Debug|Any CPU
		{FEDEB990-3FC6-4A07-B02C-B1629BAF527C}.Release|Any CPU.ActiveCfg = Release|Any CPU
		{FEDEB990-3FC6-4A07-B02C-B1629BAF527C}.Release|Any CPU.Build.0 = Release|Any CPU
	EndGlobalSection
	GlobalSection(SolutionProperties) = preSolution
		HideSolutionNode = FALSE
	EndGlobalSection
	GlobalSection(ExtensibilityGlobals) = postSolution
		SolutionGuid = {B04714D3-48B8-4489-928C-5E8914996E40}
	EndGlobalSection
EndGlobal
